
Microsoft Visual Studio Solution File, Format Version 12.00
# Visual Studio Version 17
VisualStudioVersion = 17.14.36429.23 d17.14
MinimumVisualStudioVersion = 10.0.40219.1
Project("{FAE04EC0-301F-11D3-BF4B-00C04F79EFBC}") = "AzureDemo.Api", "AzureDemo.Api\AzureDemo.Api.csproj", "{C41248D1-F6A1-4632-B7F3-2E23C61E4568}"
EndProject
Global
	GlobalSection(SolutionConfigurationPlatforms) = preSolution
		Debug|Any CPU = Debug|Any CPU
		Release|Any CPU = Release|Any CPU
	EndGlobalSection
	GlobalSection(ProjectConfigurationPlatforms) = postSolution
		{C41248D1-F6A1-4632-B7F3-2E23C61E4568}.Debug|Any CPU.ActiveCfg = Debug|Any CPU
		{C41248D1-F6A1-4632-B7F3-2E23C61E4568}.Debug|Any CPU.Build.0 = Debug|Any CPU
		{C41248D1-F6A1-4632-B7F3-2E23C61E4568}.Release|Any CPU.ActiveCfg = Release|Any CPU
		{C41248D1-F6A1-4632-B7F3-2E23C61E4568}.Release|Any CPU.Build.0 = Release|Any CPU
	EndGlobalSection
	GlobalSection(SolutionProperties) = preSolution
		HideSolutionNode = FALSE
	EndGlobalSection
	GlobalSection(ExtensibilityGlobals) = postSolution
		SolutionGuid = {EF5517E6-6D29-4BEC-AA9A-7D0ED8B129D2}
	EndGlobalSection
EndGlobal
